
Microsoft Visual Studio Solution File, Format Version 12.00
# Visual Studio 15
VisualStudioVersion = 15.0.26020.0
MinimumVisualStudioVersion = 10.0.40219.1
Project("{2150E333-8FDC-42A3-9474-1A3956D46DE8}") = "src", "src", "{2C4E7EDF-D254-4F0B-8DA7-E9577F06AE0F}"
EndProject
Project("{FAE04EC0-301F-11D3-BF4B-00C04F79EFBC}") = "iisConfReader", "src\iisConfReader\iisConfReader.csproj", "{F12248A0-6732-4557-BCD7-4C3956A8B92F}"
EndProject
Global
	GlobalSection(SolutionConfigurationPlatforms) = preSolution
		Debug|Any CPU = Debug|Any CPU
		Debug|x64 = Debug|x64
		Debug|x86 = Debug|x86
		Release|Any CPU = Release|Any CPU
		Release|x64 = Release|x64
		Release|x86 = Release|x86
	EndGlobalSection
	GlobalSection(ProjectConfigurationPlatforms) = postSolution
		{F12248A0-6732-4557-BCD7-4C3956A8B92F}.Debug|Any CPU.ActiveCfg = Debug|Any CPU
		{F12248A0-6732-4557-BCD7-4C3956A8B92F}.Debug|Any CPU.Build.0 = Debug|Any CPU
		{F12248A0-6732-4557-BCD7-4C3956A8B92F}.Debug|x64.ActiveCfg = Debug|x64
		{F12248A0-6732-4557-BCD7-4C3956A8B92F}.Debug|x64.Build.0 = Debug|x64
		{F12248A0-6732-4557-BCD7-4C3956A8B92F}.Debug|x86.ActiveCfg = Debug|x86
		{F12248A0-6732-4557-BCD7-4C3956A8B92F}.Debug|x86.Build.0 = Debug|x86
		{F12248A0-6732-4557-BCD7-4C3956A8B92F}.Release|Any CPU.ActiveCfg = Release|Any CPU
		{F12248A0-6732-4557-BCD7-4C3956A8B92F}.Release|Any CPU.Build.0 = Release|Any CPU
		{F12248A0-6732-4557-BCD7-4C3956A8B92F}.Release|x64.ActiveCfg = Release|x64
		{F12248A0-6732-4557-BCD7-4C3956A8B92F}.Release|x64.Build.0 = Release|x64
		{F12248A0-6732-4557-BCD7-4C3956A8B92F}.Release|x86.ActiveCfg = Release|x86
		{F12248A0-6732-4557-BCD7-4C3956A8B92F}.Release|x86.Build.0 = Release|x86
	EndGlobalSection
	GlobalSection(SolutionProperties) = preSolution
		HideSolutionNode = FALSE
	EndGlobalSection
	GlobalSection(NestedProjects) = preSolution
		{F12248A0-6732-4557-BCD7-4C3956A8B92F} = {2C4E7EDF-D254-4F0B-8DA7-E9577F06AE0F}
	EndGlobalSection
EndGlobal
